
Microsoft Visual Studio Solution File, Format Version 12.00
# Visual Studio Version 17
VisualStudioVersion = 17.5.002.0
MinimumVisualStudioVersion = 10.0.40219.1
Project("{2150E333-8FDC-42A3-9474-1A3956D46DE8}") = "csharp-prep", "csharp-prep", "{DFC711D5-A1B1-48F4-8A49-106504C5E71B}"
EndProject
Project("{9A19103F-16F7-4668-BE54-9A1E7A4F7556}") = "Prep1", "csharp-prep\Prep1\Prep1.csproj", "{9006686A-9E65-481E-B50C-E4D0DBCD1929}"
EndProject
Project("{9A19103F-16F7-4668-BE54-9A1E7A4F7556}") = "Prep2", "csharp-prep\Prep2\Prep2.csproj", "{954EB830-6765-4360-9D2E-69F2E7FFB6B8}"
EndProject
Project("{9A19103F-16F7-4668-BE54-9A1E7A4F7556}") = "Prep3", "csharp-prep\Prep3\Prep3.csproj", "{C8F1B8A3-AB38-4090-A216-7A6DEA5319AA}"
EndProject
Project("{9A19103F-16F7-4668-BE54-9A1E7A4F7556}") = "Prep4", "csharp-prep\Prep4\Prep4.csproj", "{CCC69972-F1CE-4149-9888-85AA6DFD809D}"
EndProject
Project("{9A19103F-16F7-4668-BE54-9A1E7A4F7556}") = "Prep5", "csharp-prep\Prep5\Prep5.csproj", "{B419D013-357E-4F5E-90FA-4DBC076BB253}"
EndProject
Project("{2150E333-8FDC-42A3-9474-1A3956D46DE8}") = "final", "final", "{DBBF71B6-D262-4DAD-81CE-A8948C604067}"
EndProject
Project("{9A19103F-16F7-4668-BE54-9A1E7A4F7556}") = "FinalProject", "final\FinalProject\FinalProject.csproj", "{85AC216C-F44E-44D1-8E65-27608D316780}"
EndProject
Project("{9A19103F-16F7-4668-BE54-9A1E7A4F7556}") = "Foundation1", "final\Foundation1\Foundation1.csproj", "{494D4264-EE80-4921-9CA0-1DD7A423CA11}"
EndProject
Project("{9A19103F-16F7-4668-BE54-9A1E7A4F7556}") = "Foundation2", "final\Foundation2\Foundation2.csproj", "{DFC92ABE-949B-4671-B06F-C1BDD14149C5}"
EndProject
Project("{9A19103F-16F7-4668-BE54-9A1E7A4F7556}") = "Foundation3", "final\Foundation3\Foundation3.csproj", "{FF3559D8-22C7-45D0-834F-DBC9F37B64C6}"
EndProject
Project("{9A19103F-16F7-4668-BE54-9A1E7A4F7556}") = "Foundation4", "final\Foundation4\Foundation4.csproj", "{78E463D4-7605-4E61-AC4C-E2BA6CD27298}"
EndProject
Project("{2150E333-8FDC-42A3-9474-1A3956D46DE8}") = "prepare", "prepare", "{E2C7F558-2EC8-4BB1-85F2-CEFA10C507C0}"
EndProject
Project("{9A19103F-16F7-4668-BE54-9A1E7A4F7556}") = "Learning02", "prepare\Learning02\Learning02.csproj", "{8F16F58D-51B8-4B34-87AA-B5281A8F271C}"
EndProject
Project("{9A19103F-16F7-4668-BE54-9A1E7A4F7556}") = "Learning03", "prepare\Learning03\Learning03.csproj", "{569E8ADC-FA70-4987-A9A0-3C76C842C23D}"
EndProject
Project("{9A19103F-16F7-4668-BE54-9A1E7A4F7556}") = "Learning04", "prepare\Learning04\Learning04.csproj", "{685A00B0-1625-4E59-8764-79A6D3016A6A}"
EndProject
Project("{9A19103F-16F7-4668-BE54-9A1E7A4F7556}") = "Learning05", "prepare\Learning05\Learning05.csproj", "{FCF77ADC-2825-4E6E-AE86-8D3DD67822D2}"
EndProject
Project("{2150E333-8FDC-42A3-9474-1A3956D46DE8}") = "prove", "prove", "{7E1975DA-80AD-4577-9BDE-3334F55B65CA}"
EndProject
Project("{9A19103F-16F7-4668-BE54-9A1E7A4F7556}") = "Develop02", "prove\Develop02\Develop02.csproj", "{7B20DCCE-11FF-4AE1-A6F7-E410D9A1BE53}"
EndProject
Project("{9A19103F-16F7-4668-BE54-9A1E7A4F7556}") = "Develop03", "prove\Develop03\Develop03.csproj", "{E0861D39-8E59-4E3D-A6CA-0581AB77A884}"
EndProject
Project("{9A19103F-16F7-4668-BE54-9A1E7A4F7556}") = "Develop04", "prove\Develop04\Develop04.csproj", "{CCAF8EB6-E28E-4BB0-8EEA-495C1436671D}"
EndProject
Project("{9A19103F-16F7-4668-BE54-9A1E7A4F7556}") = "Develop05", "prove\Develop05\Develop05.csproj", "{C662F885-6EB3-4D3D-9245-9D3A4E48A175}"
EndProject
Project("{2150E333-8FDC-42A3-9474-1A3956D46DE8}") = "sandbox", "sandbox", "{EB851AC7-68FE-4F0C-9AC6-A23826D3FE78}"
EndProject
Project("{9A19103F-16F7-4668-BE54-9A1E7A4F7556}") = "Sandbox", "sandbox\Sandbox\Sandbox.csproj", "{7F889E16-C1A7-49DF-8C61-10A9898B8A66}"
EndProject
Global
	GlobalSection(SolutionConfigurationPlatforms) = preSolution
		Debug|Any CPU = Debug|Any CPU
		Release|Any CPU = Release|Any CPU
	EndGlobalSection
	GlobalSection(ProjectConfigurationPlatforms) = postSolution
		{9006686A-9E65-481E-B50C-E4D0DBCD1929}.Debug|Any CPU.ActiveCfg = Debug|Any CPU
		{9006686A-9E65-481E-B50C-E4D0DBCD1929}.Debug|Any CPU.Build.0 = Debug|Any CPU
		{9006686A-9E65-481E-B50C-E4D0DBCD1929}.Release|Any CPU.ActiveCfg = Release|Any CPU
		{9006686A-9E65-481E-B50C-E4D0DBCD1929}.Release|Any CPU.Build.0 = Release|Any CPU
		{954EB830-6765-4360-9D2E-69F2E7FFB6B8}.Debug|Any CPU.ActiveCfg = Debug|Any CPU
		{954EB830-6765-4360-9D2E-69F2E7FFB6B8}.Debug|Any CPU.Build.0 = Debug|Any CPU
		{954EB830-6765-4360-9D2E-69F2E7FFB6B8}.Release|Any CPU.ActiveCfg = Release|Any CPU
		{954EB830-6765-4360-9D2E-69F2E7FFB6B8}.Release|Any CPU.Build.0 = Release|Any CPU
		{C8F1B8A3-AB38-4090-A216-7A6DEA5319AA}.Debug|Any CPU.ActiveCfg = Debug|Any CPU
		{C8F1B8A3-AB38-4090-A216-7A6DEA5319AA}.Debug|Any CPU.Build.0 = Debug|Any CPU
		{C8F1B8A3-AB38-4090-A216-7A6DEA5319AA}.Release|Any CPU.ActiveCfg = Release|Any CPU
		{C8F1B8A3-AB38-4090-A216-7A6DEA5319AA}.Release|Any CPU.Build.0 = Release|Any CPU
		{CCC69972-F1CE-4149-9888-85AA6DFD809D}.Debug|Any CPU.ActiveCfg = Debug|Any CPU
		{CCC69972-F1CE-4149-9888-85AA6DFD809D}.Debug|Any CPU.Build.0 = Debug|Any CPU
		{CCC69972-F1CE-4149-9888-85AA6DFD809D}.Release|Any CPU.ActiveCfg = Release|Any CPU
		{CCC69972-F1CE-4149-9888-85AA6DFD809D}.Release|Any CPU.Build.0 = Release|Any CPU
		{B419D013-357E-4F5E-90FA-4DBC076BB253}.Debug|Any CPU.ActiveCfg = Debug|Any CPU
		{B419D013-357E-4F5E-90FA-4DBC076BB253}.Debug|Any CPU.Build.0 = Debug|Any CPU
		{B419D013-357E-4F5E-90FA-4DBC076BB253}.Release|Any CPU.ActiveCfg = Release|Any CPU
		{B419D013-357E-4F5E-90FA-4DBC076BB253}.Release|Any CPU.Build.0 = Release|Any CPU
		{85AC216C-F44E-44D1-8E65-27608D316780}.Debug|Any CPU.ActiveCfg = Debug|Any CPU
		{85AC216C-F44E-44D1-8E65-27608D316780}.Debug|Any CPU.Build.0 = Debug|Any CPU
		{85AC216C-F44E-44D1-8E65-27608D316780}.Release|Any CPU.ActiveCfg = Release|Any CPU
		{85AC216C-F44E-44D1-8E65-27608D316780}.Release|Any CPU.Build.0 = Release|Any CPU
		{494D4264-EE80-4921-9CA0-1DD7A423CA11}.Debug|Any CPU.ActiveCfg = Debug|Any CPU
		{494D4264-EE80-4921-9CA0-1DD7A423CA11}.Debug|Any CPU.Build.0 = Debug|Any CPU
		{494D4264-EE80-4921-9CA0-1DD7A423CA11}.Release|Any CPU.ActiveCfg = Release|Any CPU
		{494D4264-EE80-4921-9CA0-1DD7A423CA11}.Release|Any CPU.Build.0 = Release|Any CPU
		{DFC92ABE-949B-4671-B06F-C1BDD14149C5}.Debug|Any CPU.ActiveCfg = Debug|Any CPU
		{DFC92ABE-949B-4671-B06F-C1BDD14149C5}.Debug|Any CPU.Build.0 = Debug|Any CPU
		{DFC92ABE-949B-4671-B06F-C1BDD14149C5}.Release|Any CPU.ActiveCfg = Release|Any CPU
		{DFC92ABE-949B-4671-B06F-C1BDD14149C5}.Release|Any CPU.Build.0 = Release|Any CPU
		{FF3559D8-22C7-45D0-834F-DBC9F37B64C6}.Debug|Any CPU.ActiveCfg = Debug|Any CPU
		{FF3559D8-22C7-45D0-834F-DBC9F37B64C6}.Debug|Any CPU.Build.0 = Debug|Any CPU
		{FF3559D8-22C7-45D0-834F-DBC9F37B64C6}.Release|Any CPU.ActiveCfg = Release|Any CPU
		{FF3559D8-22C7-45D0-834F-DBC9F37B64C6}.Release|Any CPU.Build.0 = Release|Any CPU
		{78E463D4-7605-4E61-AC4C-E2BA6CD27298}.Debug|Any CPU.ActiveCfg = Debug|Any CPU
		{78E463D4-7605-4E61-AC4C-E2BA6CD27298}.Debug|Any CPU.Build.0 = Debug|Any CPU
		{78E463D4-7605-4E61-AC4C-E2BA6CD27298}.Release|Any CPU.ActiveCfg = Release|Any CPU
		{78E463D4-7605-4E61-AC4C-E2BA6CD27298}.Release|Any CPU.Build.0 = Release|Any CPU
		{8F16F58D-51B8-4B34-87AA-B5281A8F271C}.Debug|Any CPU.ActiveCfg = Debug|Any CPU
		{8F16F58D-51B8-4B34-87AA-B5281A8F271C}.Debug|Any CPU.Build.0 = Debug|Any CPU
		{8F16F58D-51B8-4B34-87AA-B5281A8F271C}.Release|Any CPU.ActiveCfg = Release|Any CPU
		{8F16F58D-51B8-4B34-87AA-B5281A8F271C}.Release|Any CPU.Build.0 = Release|Any CPU
		{569E8ADC-FA70-4987-A9A0-3C76C842C23D}.Debug|Any CPU.ActiveCfg = Debug|Any CPU
		{569E8ADC-FA70-4987-A9A0-3C76C842C23D}.Debug|Any CPU.Build.0 = Debug|Any CPU
		{569E8ADC-FA70-4987-A9A0-3C76C842C23D}.Release|Any CPU.ActiveCfg = Release|Any CPU
		{569E8ADC-FA70-4987-A9A0-3C76C842C23D}.Release|Any CPU.Build.0 = Release|Any CPU
		{685A00B0-1625-4E59-8764-79A6D3016A6A}.Debug|Any CPU.ActiveCfg = Debug|Any CPU
		{685A00B0-1625-4E59-8764-79A6D3016A6A}.Debug|Any CPU.Build.0 = Debug|Any CPU
		{685A00B0-1625-4E59-8764-79A6D3016A6A}.Release|Any CPU.ActiveCfg = Release|Any CPU
		{685A00B0-1625-4E59-8764-79A6D3016A6A}.Release|Any CPU.Build.0 = Release|Any CPU
		{FCF77ADC-2825-4E6E-AE86-8D3DD67822D2}.Debug|Any CPU.ActiveCfg = Debug|Any CPU
		{FCF77ADC-2825-4E6E-AE86-8D3DD67822D2}.Debug|Any CPU.Build.0 = Debug|Any CPU
		{FCF77ADC-2825-4E6E-AE86-8D3DD67822D2}.Release|Any CPU.ActiveCfg = Release|Any CPU
		{FCF77ADC-2825-4E6E-AE86-8D3DD67822D2}.Release|Any CPU.Build.0 = Release|Any CPU
		{7B20DCCE-11FF-4AE1-A6F7-E410D9A1BE53}.Debug|Any CPU.ActiveCfg = Debug|Any CPU
		{7B20DCCE-11FF-4AE1-A6F7-E410D9A1BE53}.Debug|Any CPU.Build.0 = Debug|Any CPU
		{7B20DCCE-11FF-4AE1-A6F7-E410D9A1BE53}.Release|Any CPU.ActiveCfg = Release|Any CPU
		{7B20DCCE-11FF-4AE1-A6F7-E410D9A1BE53}.Release|Any CPU.Build.0 = Release|Any CPU
		{E0861D39-8E59-4E3D-A6CA-0581AB77A884}.Debug|Any CPU.ActiveCfg = Debug|Any CPU
		{E0861D39-8E59-4E3D-A6CA-0581AB77A884}.Debug|Any CPU.Build.0 = Debug|Any CPU
		{E0861D39-8E59-4E3D-A6CA-0581AB77A884}.Release|Any CPU.ActiveCfg = Release|Any CPU
		{E0861D39-8E59-4E3D-A6CA-0581AB77A884}.Release|Any CPU.Build.0 = Release|Any CPU
		{CCAF8EB6-E28E-4BB0-8EEA-495C1436671D}.Debug|Any CPU.ActiveCfg = Debug|Any CPU
		{CCAF8EB6-E28E-4BB0-8EEA-495C1436671D}.Debug|Any CPU.Build.0 = Debug|Any CPU
		{CCAF8EB6-E28E-4BB0-8EEA-495C1436671D}.Release|Any CPU.ActiveCfg = Release|Any CPU
		{CCAF8EB6-E28E-4BB0-8EEA-495C1436671D}.Release|Any CPU.Build.0 = Release|Any CPU
		{C662F885-6EB3-4D3D-9245-9D3A4E48A175}.Debug|Any CPU.ActiveCfg = Debug|Any CPU
		{C662F885-6EB3-4D3D-9245-9D3A4E48A175}.Debug|Any CPU.Build.0 = Debug|Any CPU
		{C662F885-6EB3-4D3D-9245-9D3A4E48A175}.Release|Any CPU.ActiveCfg = Release|Any CPU
		{C662F885-6EB3-4D3D-9245-9D3A4E48A175}.Release|Any CPU.Build.0 = Release|Any CPU
		{7F889E16-C1A7-49DF-8C61-10A9898B8A66}.Debug|Any CPU.ActiveCfg = Debug|Any CPU
		{7F889E16-C1A7-49DF-8C61-10A9898B8A66}.Debug|Any CPU.Build.0 = Debug|Any CPU
		{7F889E16-C1A7-49DF-8C61-10A9898B8A66}.Release|Any CPU.ActiveCfg = Release|Any CPU
		{7F889E16-C1A7-49DF-8C61-10A9898B8A66}.Release|Any CPU.Build.0 = Release|Any CPU
	EndGlobalSection
	GlobalSection(SolutionProperties) = preSolution
		HideSolutionNode = FALSE
	EndGlobalSection
	GlobalSection(NestedProjects) = preSolution
		{9006686A-9E65-481E-B50C-E4D0DBCD1929} = {DFC711D5-A1B1-48F4-8A49-106504C5E71B}
		{954EB830-6765-4360-9D2E-69F2E7FFB6B8} = {DFC711D5-A1B1-48F4-8A49-106504C5E71B}
		{C8F1B8A3-AB38-4090-A216-7A6DEA5319AA} = {DFC711D5-A1B1-48F4-8A49-106504C5E71B}
		{CCC69972-F1CE-4149-9888-85AA6DFD809D} = {DFC711D5-A1B1-48F4-8A49-106504C5E71B}
		{B419D013-357E-4F5E-90FA-4DBC076BB253} = {DFC711D5-A1B1-48F4-8A49-106504C5E71B}
		{85AC216C-F44E-44D1-8E65-27608D316780} = {DBBF71B6-D262-4DAD-81CE-A8948C604067}
		{494D4264-EE80-4921-9CA0-1DD7A423CA11} = {DBBF71B6-D262-4DAD-81CE-A8948C604067}
		{DFC92ABE-949B-4671-B06F-C1BDD14149C5} = {DBBF71B6-D262-4DAD-81CE-A8948C604067}
		{FF3559D8-22C7-45D0-834F-DBC9F37B64C6} = {DBBF71B6-D262-4DAD-81CE-A8948C604067}
		{78E463D4-7605-4E61-AC4C-E2BA6CD27298} = {DBBF71B6-D262-4DAD-81CE-A8948C604067}
		{8F16F58D-51B8-4B34-87AA-B5281A8F271C} = {E2C7F558-2EC8-4BB1-85F2-CEFA10C507C0}
		{569E8ADC-FA70-4987-A9A0-3C76C842C23D} = {E2C7F558-2EC8-4BB1-85F2-CEFA10C507C0}
		{685A00B0-1625-4E59-8764-79A6D3016A6A} = {E2C7F558-2EC8-4BB1-85F2-CEFA10C507C0}
		{FCF77ADC-2825-4E6E-AE86-8D3DD67822D2} = {E2C7F558-2EC8-4BB1-85F2-CEFA10C507C0}
		{7B20DCCE-11FF-4AE1-A6F7-E410D9A1BE53} = {7E1975DA-80AD-4577-9BDE-3334F55B65CA}
		{E0861D39-8E59-4E3D-A6CA-0581AB77A884} = {7E1975DA-80AD-4577-9BDE-3334F55B65CA}
		{CCAF8EB6-E28E-4BB0-8EEA-495C1436671D} = {7E1975DA-80AD-4577-9BDE-3334F55B65CA}
		{C662F885-6EB3-4D3D-9245-9D3A4E48A175} = {7E1975DA-80AD-4577-9BDE-3334F55B65CA}
		{7F889E16-C1A7-49DF-8C61-10A9898B8A66} = {EB851AC7-68FE-4F0C-9AC6-A23826D3FE78}
	EndGlobalSection
	GlobalSection(ExtensibilityGlobals) = postSolution
		SolutionGuid = {F61226C1-0B6F-424E-982E-CBD59CF9C28F}
	EndGlobalSection
EndGlobal
